
Microsoft Visual Studio Solution File, Format Version 12.00
# Visual Studio 15
VisualStudioVersion = 15.0.27703.2018
MinimumVisualStudioVersion = 10.0.40219.1
Project("{FAE04EC0-301F-11D3-BF4B-00C04F79EFBC}") = "TacticRoguelikeRpg", "TacticRoguelikeRpg\TacticRoguelikeRpg.csproj", "{A1768A94-3FA6-46CE-9E01-2D8032374C29}"
EndProject
Global
	GlobalSection(SolutionConfigurationPlatforms) = preSolution
		Debug|Any CPU = Debug|Any CPU
		Release|Any CPU = Release|Any CPU
	EndGlobalSection
	GlobalSection(ProjectConfigurationPlatforms) = postSolution
		{A1768A94-3FA6-46CE-9E01-2D8032374C29}.Debug|Any CPU.ActiveCfg = Debug|Any CPU
		{A1768A94-3FA6-46CE-9E01-2D8032374C29}.Debug|Any CPU.Build.0 = Debug|Any CPU
		{A1768A94-3FA6-46CE-9E01-2D8032374C29}.Release|Any CPU.ActiveCfg = Release|Any CPU
		{A1768A94-3FA6-46CE-9E01-2D8032374C29}.Release|Any CPU.Build.0 = Release|Any CPU
	EndGlobalSection
	GlobalSection(SolutionProperties) = preSolution
		HideSolutionNode = FALSE
	EndGlobalSection
	GlobalSection(ExtensibilityGlobals) = postSolution
		SolutionGuid = {907F32E5-1C7E-494A-970D-03D14228FC30}
	EndGlobalSection
EndGlobal
